
Microsoft Visual Studio Solution File, Format Version 12.00
# Visual Studio Version 16
VisualStudioVersion = 16.0.29519.87
MinimumVisualStudioVersion = 10.0.40219.1
Project("{FAE04EC0-301F-11D3-BF4B-00C04F79EFBC}") = "Lession_12_HM", "Lession_12_HM.csproj", "{97571A03-047A-4178-8852-35AD373AA5A8}"
EndProject
Global
	GlobalSection(SolutionConfigurationPlatforms) = preSolution
		Debug|Any CPU = Debug|Any CPU
		Release|Any CPU = Release|Any CPU
	EndGlobalSection
	GlobalSection(ProjectConfigurationPlatforms) = postSolution
		{97571A03-047A-4178-8852-35AD373AA5A8}.Debug|Any CPU.ActiveCfg = Debug|Any CPU
		{97571A03-047A-4178-8852-35AD373AA5A8}.Debug|Any CPU.Build.0 = Debug|Any CPU
		{97571A03-047A-4178-8852-35AD373AA5A8}.Release|Any CPU.ActiveCfg = Release|Any CPU
		{97571A03-047A-4178-8852-35AD373AA5A8}.Release|Any CPU.Build.0 = Release|Any CPU
	EndGlobalSection
	GlobalSection(SolutionProperties) = preSolution
		HideSolutionNode = FALSE
	EndGlobalSection
	GlobalSection(ExtensibilityGlobals) = postSolution
		SolutionGuid = {E88A1431-9B7D-4E91-918C-0D196EE8059A}
	EndGlobalSection
EndGlobal
